
Microsoft Visual Studio Solution File, Format Version 12.00
# Visual Studio 15
Project("{FAE04EC0-301F-11D3-BF4B-00C04F79EFBC}") = "Assembly-CSharp", "Assembly-CSharp.csproj", "{B103AB18-2AA5-7231-E1A1-FB66F85EF2BA}"
EndProject
Project("{FAE04EC0-301F-11D3-BF4B-00C04F79EFBC}") = "Assembly-CSharp-Editor", "Assembly-CSharp-Editor.csproj", "{517136D3-3EB0-509A-D18C-87323BA7DEAB}"
EndProject
Global
	GlobalSection(SolutionConfigurationPlatforms) = preSolution
		Debug|Any CPU = Debug|Any CPU
		Release|Any CPU = Release|Any CPU
	EndGlobalSection
	GlobalSection(ProjectConfigurationPlatforms) = postSolution
		{B103AB18-2AA5-7231-E1A1-FB66F85EF2BA}.Debug|Any CPU.ActiveCfg = Debug|Any CPU
		{B103AB18-2AA5-7231-E1A1-FB66F85EF2BA}.Debug|Any CPU.Build.0 = Debug|Any CPU
		{B103AB18-2AA5-7231-E1A1-FB66F85EF2BA}.Release|Any CPU.ActiveCfg = Release|Any CPU
		{B103AB18-2AA5-7231-E1A1-FB66F85EF2BA}.Release|Any CPU.Build.0 = Release|Any CPU
		{517136D3-3EB0-509A-D18C-87323BA7DEAB}.Debug|Any CPU.ActiveCfg = Debug|Any CPU
		{517136D3-3EB0-509A-D18C-87323BA7DEAB}.Debug|Any CPU.Build.0 = Debug|Any CPU
		{517136D3-3EB0-509A-D18C-87323BA7DEAB}.Release|Any CPU.ActiveCfg = Release|Any CPU
		{517136D3-3EB0-509A-D18C-87323BA7DEAB}.Release|Any CPU.Build.0 = Release|Any CPU
	EndGlobalSection
	GlobalSection(SolutionProperties) = preSolution
		HideSolutionNode = FALSE
	EndGlobalSection
EndGlobal
